// !$*UTF8*$!
{
	archiveVersion = 1;
	classes = {
	};
	objectVersion = 77;
	objects = {

/* Begin PBXContainerItemProxy section */
		2CD06E292F972CF50013771C /* PBXContainerItemProxy */ = {
			isa = PBXContainerItemProxy;
			containerPortal = 2CD06E0A2F972CF30013771C /* Project object */;
			proxyType = 1;
			remoteGlobalIDString = 2CD06E112F972CF30013771C;
			remoteInfo = AIDemo_01;
		};
		2CD06E332F972CF50013771C /* PBXContainerItemProxy */ = {
			isa = PBXContainerItemProxy;
			containerPortal = 2CD06E0A2F972CF30013771C /* Project object */;
			proxyType = 1;
			remoteGlobalIDString = 2CD06E112F972CF30013771C;
			remoteInfo = AIDemo_01;
		};
/* End PBXContainerItemProxy section */

/* Begin PBXFileReference section */
		2CD06E122F972CF30013771C /* AIDemo_01.app */ = {isa = PBXFileReference; explicitFileType = wrapper.application; includeInIndex = 0; path = AIDemo_01.app; sourceTree = BUILT_PRODUCTS_DIR; };
		2CD06E282F972CF50013771C /* AIDemo_01Tests.xctest */ = {isa = PBXFileReference; explicitFileType = wrapper.cfbundle; includeInIndex = 0; path = AIDemo_01Tests.xctest; sourceTree = BUILT_PRODUCTS_DIR; };
		2CD06E322F972CF50013771C /* AIDemo_01UITests.xctest */ = {isa = PBXFileReference; explicitFileType = wrapper.cfbundle; includeInIndex = 0; path = AIDemo_01UITests.xctest; sourceTree = BUILT_PRODUCTS_DIR; };
/* End PBXFileReference section */

/* Begin PBXFileSystemSynchronizedBuildFileExceptionSet section */
		2CD06E3A2F972CF50013771C /* Exceptions for "AIDemo_01" folder in "AIDemo_01" target */ = {
			isa = PBXFileSystemSynchronizedBuildFileExceptionSet;
			membershipExceptions = (
				Info.plist,
			);
			target = 2CD06E112F972CF30013771C /* AIDemo_01 */;
		};
/* End PBXFileSystemSynchronizedBuildFileExceptionSet section */

/* Begin PBXFileSystemSynchronizedRootGroup section */
		2CD06E142F972CF30013771C /* AIDemo_01 */ = {
			isa = PBXFileSystemSynchronizedRootGroup;
			exceptions = (
				2CD06E3A2F972CF50013771C /* Exceptions for "AIDemo_01" folder in "AIDemo_01" target */,
			);
			explicitFileTypes = {
				PROJECT_FLOW.md = text;
				README.md = text;
			};
			path = AIDemo_01;
			sourceTree = "<group>";
		};
		2CD06E2B2F972CF50013771C /* AIDemo_01Tests */ = {
			isa = PBXFileSystemSynchronizedRootGroup;
			path = AIDemo_01Tests;
			sourceTree = "<group>";
		};
		2CD06E352F972CF50013771C /* AIDemo_01UITests */ = {
			isa = PBXFileSystemSynchronizedRootGroup;
			path = AIDemo_01UITests;
			sourceTree = "<group>";
		};
/* End PBXFileSystemSynchronizedRootGroup section */

/* Begin PBXFrameworksBuildPhase section */
		2CD06E0F2F972CF30013771C /* Frameworks */ = {
			isa = PBXFrameworksBuildPhase;
			buildActionMask = 2147483647;
			files = (
			);
			runOnlyForDeploymentPostprocessing = 0;
		};
		2CD06E252F972CF50013771C /* Frameworks */ = {
			isa = PBXFrameworksBuildPhase;
			buildActionMask = 2147483647;
			files = (
			);
			runOnlyForDeploymentPostprocessing = 0;
		};
		2CD06E2F2F972CF50013771C /* Frameworks */ = {
			isa = PBXFrameworksBuildPhase;
			buildActionMask = 2147483647;
			files = (
			);
			runOnlyForDeploymentPostprocessing = 0;
		};
/* End PBXFrameworksBuildPhase section */

/* Begin PBXGroup section */
		2CD06E092F972CF30013771C = {
			isa = PBXGroup;
			children = (
				2CD06E142F972CF30013771C /* AIDemo_01 */,
				2CD06E2B2F972CF50013771C /* AIDemo_01Tests */,
				2CD06E352F972CF50013771C /* AIDemo_01UITests */,
				2CD06E132F972CF30013771C /* Products */,
			);
			sourceTree = "<group>";
		};
		2CD06E132F972CF30013771C /* Products */ = {
			isa = PBXGroup;
			children = (
				2CD06E122F972CF30013771C /* AIDemo_01.app */,
				2CD06E282F972CF50013771C /* AIDemo_01Tests.xctest */,
				2CD06E322F972CF50013771C /* AIDemo_01UITests.xctest */,
			);
			name = Products;
			sourceTree = "<group>";
		};
/* End PBXGroup section */

/* Begin PBXNativeTarget section */
		2CD06E112F972CF30013771C /* AIDemo_01 */ = {
			isa = PBXNativeTarget;
			buildConfigurationList = 2CD06E3B2F972CF50013771C /* Build configuration list for PBXNativeTarget "AIDemo_01" */;
			buildPhases = (
				2CD06E0E2F972CF30013771C /* Sources */,
				2CD06E0F2F972CF30013771C /* Frameworks */,
				2CD06E102F972CF30013771C /* Resources */,
			);
			buildRules = (
			);
			dependencies = (
			);
			fileSystemSynchronizedGroups = (
				2CD06E142F972CF30013771C /* AIDemo_01 */,
			);
			name = AIDemo_01;
			packageProductDependencies = (
			);
			productName = AIDemo_01;
			productReference = 2CD06E122F972CF30013771C /* AIDemo_01.app */;
			productType = "com.apple.product-type.application";
		};
		2CD06E272F972CF50013771C /* AIDemo_01Tests */ = {
			isa = PBXNativeTarget;
			buildConfigurationList = 2CD06E402F972CF50013771C /* Build configuration list for PBXNativeTarget "AIDemo_01Tests" */;
			buildPhases = (
				2CD06E242F972CF50013771C /* Sources */,
				2CD06E252F972CF50013771C /* Frameworks */,
				2CD06E262F972CF50013771C /* Resources */,
			);
			buildRules = (
			);
			dependencies = (
				2CD06E2A2F972CF50013771C /* PBXTargetDependency */,
			);
			fileSystemSynchronizedGroups = (
				2CD06E2B2F972CF50013771C /* AIDemo_01Tests */,
			);
			name = AIDemo_01Tests;
			packageProductDependencies = (
			);
			productName = AIDemo_01Tests;
			productReference = 2CD06E282F972CF50013771C /* AIDemo_01Tests.xctest */;
			productType = "com.apple.product-type.bundle.unit-test";
		};
		2CD06E312F972CF50013771C /* AIDemo_01UITests */ = {
			isa = PBXNativeTarget;
			buildConfigurationList = 2CD06E432F972CF50013771C /* Build configuration list for PBXNativeTarget "AIDemo_01UITests" */;
			buildPhases = (
				2CD06E2E2F972CF50013771C /* Sources */,
				2CD06E2F2F972CF50013771C /* Frameworks */,
				2CD06E302F972CF50013771C /* Resources */,
			);
			buildRules = (
			);
			dependencies = (
				2CD06E342F972CF50013771C /* PBXTargetDependency */,
			);
			fileSystemSynchronizedGroups = (
				2CD06E352F972CF50013771C /* AIDemo_01UITests */,
			);
			name = AIDemo_01UITests;
			packageProductDependencies = (
			);
			productName = AIDemo_01UITests;
			productReference = 2CD06E322F972CF50013771C /* AIDemo_01UITests.xctest */;
			productType = "com.apple.product-type.bundle.ui-testing";
		};
/* End PBXNativeTarget section */

/* Begin PBXProject section */
		2CD06E0A2F972CF30013771C /* Project object */ = {
			isa = PBXProject;
			attributes = {
				BuildIndependentTargetsInParallel = 1;
				LastSwiftUpdateCheck = 1620;
				LastUpgradeCheck = 1620;
				TargetAttributes = {
					2CD06E112F972CF30013771C = {
						CreatedOnToolsVersion = 16.2;
					};
					2CD06E272F972CF50013771C = {
						CreatedOnToolsVersion = 16.2;
						TestTargetID = 2CD06E112F972CF30013771C;
					};
					2CD06E312F972CF50013771C = {
						CreatedOnToolsVersion = 16.2;
						TestTargetID = 2CD06E112F972CF30013771C;
					};
				};
			};
			buildConfigurationList = 2CD06E0D2F972CF30013771C /* Build configuration list for PBXProject "AIDemo_01" */;
			developmentRegion = en;
			hasScannedForEncodings = 0;
			knownRegions = (
				en,
				Base,
			);
			mainGroup = 2CD06E092F972CF30013771C;
			minimizedProjectReferenceProxies = 1;
			preferredProjectObjectVersion = 77;
			productRefGroup = 2CD06E132F972CF30013771C /* Products */;
			projectDirPath = "";
			projectRoot = "";
			targets = (
				2CD06E112F972CF30013771C /* AIDemo_01 */,
				2CD06E272F972CF50013771C /* AIDemo_01Tests */,
				2CD06E312F972CF50013771C /* AIDemo_01UITests */,
			);
		};
/* End PBXProject section */

/* Begin PBXResourcesBuildPhase section */
		2CD06E102F972CF30013771C /* Resources */ = {
			isa = PBXResourcesBuildPhase;
			buildActionMask = 2147483647;
			files = (
			);
			runOnlyForDeploymentPostprocessing = 0;
		};
		2CD06E262F972CF50013771C /* Resources */ = {
			isa = PBXResourcesBuildPhase;
			buildActionMask = 2147483647;
			files = (
			);
			runOnlyForDeploymentPostprocessing = 0;
		};
		2CD06E302F972CF50013771C /* Resources */ = {
			isa = PBXResourcesBuildPhase;
			buildActionMask = 2147483647;
			files = (
			);
			runOnlyForDeploymentPostprocessing = 0;
		};
/* End PBXResourcesBuildPhase section */

/* Begin PBXSourcesBuildPhase section */
		2CD06E0E2F972CF30013771C /* Sources */ = {
			isa = PBXSourcesBuildPhase;
			buildActionMask = 2147483647;
			files = (
			);
			runOnlyForDeploymentPostprocessing = 0;
		};
		2CD06E242F972CF50013771C /* Sources */ = {
			isa = PBXSourcesBuildPhase;
			buildActionMask = 2147483647;
			files = (
			);
			runOnlyForDeploymentPostprocessing = 0;
		};
		2CD06E2E2F972CF50013771C /* Sources */ = {
			isa = PBXSourcesBuildPhase;
			buildActionMask = 2147483647;
			files = (
			);
			runOnlyForDeploymentPostprocessing = 0;
		};
/* End PBXSourcesBuildPhase section */

/* Begin PBXTargetDependency section */
		2CD06E2A2F972CF50013771C /* PBXTargetDependency */ = {
			isa = PBXTargetDependency;
			target = 2CD06E112F972CF30013771C /* AIDemo_01 */;
			targetProxy = 2CD06E292F972CF50013771C /* PBXContainerItemProxy */;
		};
		2CD06E342F972CF50013771C /* PBXTargetDependency */ = {
			isa = PBXTargetDependency;
			target = 2CD06E112F972CF30013771C /* AIDemo_01 */;
			targetProxy = 2CD06E332F972CF50013771C /* PBXContainerItemProxy */;
		};
/* End PBXTargetDependency section */

/* Begin XCBuildConfiguration section */
		2CD06E3C2F972CF50013771C /* Debug */ = {
			isa = XCBuildConfiguration;
			buildSettings = {
				ASSETCATALOG_COMPILER_APPICON_NAME = AppIcon;
				ASSETCATALOG_COMPILER_GLOBAL_ACCENT_COLOR_NAME = AccentColor;
				CODE_SIGN_STYLE = Automatic;
				CURRENT_PROJECT_VERSION = 1;
				DEVELOPMENT_TEAM = YSQ382272D;
				GENERATE_INFOPLIST_FILE = YES;
				INFOPLIST_FILE = AIDemo_01/Info.plist;
				INFOPLIST_KEY_UIApplicationSupportsIndirectInputEvents = YES;
				INFOPLIST_KEY_UILaunchStoryboardName = LaunchScreen;
				INFOPLIST_KEY_UIMainStoryboardFile = Main;
				INFOPLIST_KEY_UISupportedInterfaceOrientations_iPad = "UIInterfaceOrientationPortrait UIInterfaceOrientationPortraitUpsideDown UIInterfaceOrientationLandscapeLeft UIInterfaceOrientationLandscapeRight";
				INFOPLIST_KEY_UISupportedInterfaceOrientations_iPhone = "UIInterfaceOrientationPortrait UIInterfaceOrientationLandscapeLeft UIInterfaceOrientationLandscapeRight";
				LD_RUNPATH_SEARCH_PATHS = (
					"$(inherited)",
					"@executable_path/Frameworks",
				);
				MARKETING_VERSION = 1.0;
				PRODUCT_BUNDLE_IDENTIFIER = "com.gn.MyAppHelperDemo.AIDemo-01";
				PRODUCT_NAME = "$(TARGET_NAME)";
				SWIFT_EMIT_LOC_STRINGS = YES;
				SWIFT_VERSION = 5.0;
				TARGETED_DEVICE_FAMILY = "1,2";
			};
			name = Debug;
		};
		2CD06E3D2F972CF50013771C /* Release */ = {
			isa = XCBuildConfiguration;
			buildSettings = {
				ASSETCATALOG_COMPILER_APPICON_NAME = AppIcon;
				ASSETCATALOG_COMPILER_GLOBAL_ACCENT_COLOR_NAME = AccentColor;
				CODE_SIGN_STYLE = Automatic;
				CURRENT_PROJECT_VERSION = 1;
				DEVELOPMENT_TEAM = YSQ382272D;
				GENERATE_INFOPLIST_FILE = YES;
				INFOPLIST_FILE = AIDemo_01/Info.plist;
				INFOPLIST_KEY_UIApplicationSupportsIndirectInputEvents = YES;
				INFOPLIST_KEY_UILaunchStoryboardName = LaunchScreen;
				INFOPLIST_KEY_UIMainStoryboardFile = Main;
				INFOPLIST_KEY_UISupportedInterfaceOrientations_iPad = "UIInterfaceOrientationPortrait UIInterfaceOrientationPortraitUpsideDown UIInterfaceOrientationLandscapeLeft UIInterfaceOrientationLandscapeRight";
				INFOPLIST_KEY_UISupportedInterfaceOrientations_iPhone = "UIInterfaceOrientationPortrait UIInterfaceOrientationLandscapeLeft UIInterfaceOrientationLandscapeRight";
				LD_RUNPATH_SEARCH_PATHS = (
					"$(inherited)",
					"@executable_path/Frameworks",
				);
				MARKETING_VERSION = 1.0;
				PRODUCT_BUNDLE_IDENTIFIER = "com.gn.MyAppHelperDemo.AIDemo-01";
				PRODUCT_NAME = "$(TARGET_NAME)";
				SWIFT_EMIT_LOC_STRINGS = YES;
				SWIFT_VERSION = 5.0;
				TARGETED_DEVICE_FAMILY = "1,2";
			};
			name = Release;
		};
		2CD06E3E2F972CF50013771C /* Debug */ = {
			isa = XCBuildConfiguration;
			buildSettings = {
				ALWAYS_SEARCH_USER_PATHS = NO;
				ASSETCATALOG_COMPILER_GENERATE_SWIFT_ASSET_SYMBOL_EXTENSIONS = YES;
				CLANG_ANALYZER_NONNULL = YES;
				CLANG_ANALYZER_NUMBER_OBJECT_CONVERSION = YES_AGGRESSIVE;
				CLANG_CXX_LANGUAGE_STANDARD = "gnu++20";
				CLANG_ENABLE_MODULES = YES;
				CLANG_ENABLE_OBJC_ARC = YES;
				CLANG_ENABLE_OBJC_WEAK = YES;
				CLANG_WARN_BLOCK_CAPTURE_AUTORELEASING = YES;
				CLANG_WARN_BOOL_CONVERSION = YES;
				CLANG_WARN_COMMA = YES;
				CLANG_WARN_CONSTANT_CONVERSION = YES;
				CLANG_WARN_DEPRECATED_OBJC_IMPLEMENTATIONS = YES;
				CLANG_WARN_DIRECT_OBJC_ISA_USAGE = YES_ERROR;
				CLANG_WARN_DOCUMENTATION_COMMENTS = YES;
				CLANG_WARN_EMPTY_BODY = YES;
				CLANG_WARN_ENUM_CONVERSION = YES;
				CLANG_WARN_INFINITE_RECURSION = YES;
				CLANG_WARN_INT_CONVERSION = YES;
				CLANG_WARN_NON_LITERAL_NULL_CONVERSION = YES;
				CLANG_WARN_OBJC_IMPLICIT_RETAIN_SELF = YES;
				CLANG_WARN_OBJC_LITERAL_CONVERSION = YES;
				CLANG_WARN_OBJC_ROOT_CLASS = YES_ERROR;
				CLANG_WARN_QUOTED_INCLUDE_IN_FRAMEWORK_HEADER = YES;
				CLANG_WARN_RANGE_LOOP_ANALYSIS = YES;
				CLANG_WARN_STRICT_PROTOTYPES = YES;
				CLANG_WARN_SUSPICIOUS_MOVE = YES;
				CLANG_WARN_UNGUARDED_AVAILABILITY = YES_AGGRESSIVE;
				CLANG_WARN_UNREACHABLE_CODE = YES;
				CLANG_WARN__DUPLICATE_METHOD_MATCH = YES;
				COPY_PHASE_STRIP = NO;
				DEBUG_INFORMATION_FORMAT = dwarf;
				ENABLE_STRICT_OBJC_MSGSEND = YES;
				ENABLE_TESTABILITY = YES;
				ENABLE_USER_SCRIPT_SANDBOXING = YES;
				GCC_C_LANGUAGE_STANDARD = gnu17;
				GCC_DYNAMIC_NO_PIC = NO;
				GCC_NO_COMMON_BLOCKS = YES;
				GCC_OPTIMIZATION_LEVEL = 0;
				GCC_PREPROCESSOR_DEFINITIONS = (
					"DEBUG=1",
					"$(inherited)",
				);
				GCC_WARN_64_TO_32_BIT_CONVERSION = YES;
				GCC_WARN_ABOUT_RETURN_TYPE = YES_ERROR;
				GCC_WARN_UNDECLARED_SELECTOR = YES;
				GCC_WARN_UNINITIALIZED_AUTOS = YES_AGGRESSIVE;
				GCC_WARN_UNUSED_FUNCTION = YES;
				GCC_WARN_UNUSED_VARIABLE = YES;
				IPHONEOS_DEPLOYMENT_TARGET = 18.2;
				LOCALIZATION_PREFERS_STRING_CATALOGS = YES;
				MTL_ENABLE_DEBUG_INFO = INCLUDE_SOURCE;
				MTL_FAST_MATH = YES;
				ONLY_ACTIVE_ARCH = YES;
				SDKROOT = iphoneos;
				SWIFT_ACTIVE_COMPILATION_CONDITIONS = "DEBUG $(inherited)";
				SWIFT_OPTIMIZATION_LEVEL = "-Onone";
			};
			name = Debug;
		};
		2CD06E3F2F972CF50013771C /* Release */ = {
			isa = XCBuildConfiguration;
			buildSettings = {
				ALWAYS_SEARCH_USER_PATHS = NO;
				ASSETCATALOG_COMPILER_GENERATE_SWIFT_ASSET_SYMBOL_EXTENSIONS = YES;
				CLANG_ANALYZER_NONNULL = YES;
				CLANG_ANALYZER_NUMBER_OBJECT_CONVERSION = YES_AGGRESSIVE;
				CLANG_CXX_LANGUAGE_STANDARD = "gnu++20";
				CLANG_ENABLE_MODULES = YES;
				CLANG_ENABLE_OBJC_ARC = YES;
				CLANG_ENABLE_OBJC_WEAK = YES;
				CLANG_WARN_BLOCK_CAPTURE_AUTORELEASING = YES;
				CLANG_WARN_BOOL_CONVERSION = YES;
				CLANG_WARN_COMMA = YES;
				CLANG_WARN_CONSTANT_CONVERSION = YES;
				CLANG_WARN_DEPRECATED_OBJC_IMPLEMENTATIONS = YES;
				CLANG_WARN_DIRECT_OBJC_ISA_USAGE = YES_ERROR;
				CLANG_WARN_DOCUMENTATION_COMMENTS = YES;
				CLANG_WARN_EMPTY_BODY = YES;
				CLANG_WARN_ENUM_CONVERSION = YES;
				CLANG_WARN_INFINITE_RECURSION = YES;
				CLANG_WARN_INT_CONVERSION = YES;
				CLANG_WARN_NON_LITERAL_NULL_CONVERSION = YES;
				CLANG_WARN_OBJC_IMPLICIT_RETAIN_SELF = YES;
				CLANG_WARN_OBJC_LITERAL_CONVERSION = YES;
				CLANG_WARN_OBJC_ROOT_CLASS = YES_ERROR;
				CLANG_WARN_QUOTED_INCLUDE_IN_FRAMEWORK_HEADER = YES;
				CLANG_WARN_RANGE_LOOP_ANALYSIS = YES;
				CLANG_WARN_STRICT_PROTOTYPES = YES;
				CLANG_WARN_SUSPICIOUS_MOVE = YES;
				CLANG_WARN_UNGUARDED_AVAILABILITY = YES_AGGRESSIVE;
				CLANG_WARN_UNREACHABLE_CODE = YES;
				CLANG_WARN__DUPLICATE_METHOD_MATCH = YES;
				COPY_PHASE_STRIP = NO;
				DEBUG_INFORMATION_FORMAT = "dwarf-with-dsym";
				ENABLE_NS_ASSERTIONS = NO;
				ENABLE_STRICT_OBJC_MSGSEND = YES;
				ENABLE_USER_SCRIPT_SANDBOXING = YES;
				GCC_C_LANGUAGE_STANDARD = gnu17;
				GCC_NO_COMMON_BLOCKS = YES;
				GCC_WARN_64_TO_32_BIT_CONVERSION = YES;
				GCC_WARN_ABOUT_RETURN_TYPE = YES_ERROR;
				GCC_WARN_UNDECLARED_SELECTOR = YES;
				GCC_WARN_UNINITIALIZED_AUTOS = YES_AGGRESSIVE;
				GCC_WARN_UNUSED_FUNCTION = YES;
				GCC_WARN_UNUSED_VARIABLE = YES;
				IPHONEOS_DEPLOYMENT_TARGET = 18.2;
				LOCALIZATION_PREFERS_STRING_CATALOGS = YES;
				MTL_ENABLE_DEBUG_INFO = NO;
				MTL_FAST_MATH = YES;
				SDKROOT = iphoneos;
				SWIFT_COMPILATION_MODE = wholemodule;
				VALIDATE_PRODUCT = YES;
			};
			name = Release;
		};
		2CD06E412F972CF50013771C /* Debug */ = {
			isa = XCBuildConfiguration;
			buildSettings = {
				BUNDLE_LOADER = "$(TEST_HOST)";
				CODE_SIGN_STYLE = Automatic;
				CURRENT_PROJECT_VERSION = 1;
				DEVELOPMENT_TEAM = YSQ382272D;
				GENERATE_INFOPLIST_FILE = YES;
				IPHONEOS_DEPLOYMENT_TARGET = 18.2;
				MARKETING_VERSION = 1.0;
				PRODUCT_BUNDLE_IDENTIFIER = "com.gn.MyAppHelperDemo.AIDemo-01Tests";
				PRODUCT_NAME = "$(TARGET_NAME)";
				SWIFT_EMIT_LOC_STRINGS = NO;
				SWIFT_VERSION = 5.0;
				TARGETED_DEVICE_FAMILY = "1,2";
				TEST_HOST = "$(BUILT_PRODUCTS_DIR)/AIDemo_01.app/$(BUNDLE_EXECUTABLE_FOLDER_PATH)/AIDemo_01";
			};
			name = Debug;
		};
		2CD06E422F972CF50013771C /* Release */ = {
			isa = XCBuildConfiguration;
			buildSettings = {
				BUNDLE_LOADER = "$(TEST_HOST)";
				CODE_SIGN_STYLE = Automatic;
				CURRENT_PROJECT_VERSION = 1;
				DEVELOPMENT_TEAM = YSQ382272D;
				GENERATE_INFOPLIST_FILE = YES;
				IPHONEOS_DEPLOYMENT_TARGET = 18.2;
				MARKETING_VERSION = 1.0;
				PRODUCT_BUNDLE_IDENTIFIER = "com.gn.MyAppHelperDemo.AIDemo-01Tests";
				PRODUCT_NAME = "$(TARGET_NAME)";
				SWIFT_EMIT_LOC_STRINGS = NO;
				SWIFT_VERSION = 5.0;
				TARGETED_DEVICE_FAMILY = "1,2";
				TEST_HOST = "$(BUILT_PRODUCTS_DIR)/AIDemo_01.app/$(BUNDLE_EXECUTABLE_FOLDER_PATH)/AIDemo_01";
			};
			name = Release;
		};
		2CD06E442F972CF50013771C /* Debug */ = {
			isa = XCBuildConfiguration;
			buildSettings = {
				CODE_SIGN_STYLE = Automatic;
				CURRENT_PROJECT_VERSION = 1;
				DEVELOPMENT_TEAM = YSQ382272D;
				GENERATE_INFOPLIST_FILE = YES;
				MARKETING_VERSION = 1.0;
				PRODUCT_BUNDLE_IDENTIFIER = "com.gn.MyAppHelperDemo.AIDemo-01UITests";
				PRODUCT_NAME = "$(TARGET_NAME)";
				SWIFT_EMIT_LOC_STRINGS = NO;
				SWIFT_VERSION = 5.0;
				TARGETED_DEVICE_FAMILY = "1,2";
				TEST_TARGET_NAME = AIDemo_01;
			};
			name = Debug;
		};
		2CD06E452F972CF50013771C /* Release */ = {
			isa = XCBuildConfiguration;
			buildSettings = {
				CODE_SIGN_STYLE = Automatic;
				CURRENT_PROJECT_VERSION = 1;
				DEVELOPMENT_TEAM = YSQ382272D;
				GENERATE_INFOPLIST_FILE = YES;
				MARKETING_VERSION = 1.0;
				PRODUCT_BUNDLE_IDENTIFIER = "com.gn.MyAppHelperDemo.AIDemo-01UITests";
				PRODUCT_NAME = "$(TARGET_NAME)";
				SWIFT_EMIT_LOC_STRINGS = NO;
				SWIFT_VERSION = 5.0;
				TARGETED_DEVICE_FAMILY = "1,2";
				TEST_TARGET_NAME = AIDemo_01;
			};
			name = Release;
		};
/* End XCBuildConfiguration section */

/* Begin XCConfigurationList section */
		2CD06E0D2F972CF30013771C /* Build configuration list for PBXProject "AIDemo_01" */ = {
			isa = XCConfigurationList;
			buildConfigurations = (
				2CD06E3E2F972CF50013771C /* Debug */,
				2CD06E3F2F972CF50013771C /* Release */,
			);
			defaultConfigurationIsVisible = 0;
			defaultConfigurationName = Release;
		};
		2CD06E3B2F972CF50013771C /* Build configuration list for PBXNativeTarget "AIDemo_01" */ = {
			isa = XCConfigurationList;
			buildConfigurations = (
				2CD06E3C2F972CF50013771C /* Debug */,
				2CD06E3D2F972CF50013771C /* Release */,
			);
			defaultConfigurationIsVisible = 0;
			defaultConfigurationName = Release;
		};
		2CD06E402F972CF50013771C /* Build configuration list for PBXNativeTarget "AIDemo_01Tests" */ = {
			isa = XCConfigurationList;
			buildConfigurations = (
				2CD06E412F972CF50013771C /* Debug */,
				2CD06E422F972CF50013771C /* Release */,
			);
			defaultConfigurationIsVisible = 0;
			defaultConfigurationName = Release;
		};
		2CD06E432F972CF50013771C /* Build configuration list for PBXNativeTarget "AIDemo_01UITests" */ = {
			isa = XCConfigurationList;
			buildConfigurations = (
				2CD06E442F972CF50013771C /* Debug */,
				2CD06E452F972CF50013771C /* Release */,
			);
			defaultConfigurationIsVisible = 0;
			defaultConfigurationName = Release;
		};
/* End XCConfigurationList section */
	};
	rootObject = 2CD06E0A2F972CF30013771C /* Project object */;
}
